# This file is autogenerated, do not edit; changes may be undone by the next 'dep ensure'.


[[projects]]
  name = "github.com/go-resty/resty"
  packages = ["."]
  revision = "9ac9c42358f7c3c69ac9f8610e8790d7c338e85d"
  version = "v1.0"

[[projects]]
  name = "github.com/labstack/gommon"
  packages = ["color","log","random"]
  revision = "57409ada9da0f2afad6664c49502f8c50fbd8476"
  version = "0.2.3"

[[projects]]
  name = "github.com/mattn/go-colorable"
  packages = ["."]
  revision = "167de6bfdfba052fa6b2d3664c8f5272e23c9072"
  version = "v0.0.9"

[[projects]]
  name = "github.com/mattn/go-isatty"
  packages = ["."]
  revision = "0360b2af4f38e8d38c7fce2a9f4e702702d73a39"
  version = "v0.0.3"

[[projects]]
  branch = "master"
  name = "github.com/valyala/bytebufferpool"
  packages = ["."]
  revision = "e746df99fe4a3986f4d4f79e13c1e0117ce9c2f7"

[[projects]]
  branch = "master"
  name = "github.com/valyala/fasttemplate"
  packages = ["."]
  revision = "dcecefd839c4193db0d35b88ec65b4c12d360ab0"

[[projects]]
  branch = "master"
  name = "golang.org/x/net"
  packages = ["idna","publicsuffix"]
  revision = "9dfe39835686865bff950a07b394c12a98ddc811"

[[projects]]
  branch = "master"
  name = "golang.org/x/sys"
  packages = ["unix"]
  revision = "0ac51a24ef1c37380f98ba8b98f56e3bffd59850"

[[projects]]
  branch = "master"
  name = "golang.org/x/text"
  packages = ["collate","collate/build","internal/colltab","internal/gen","internal/tag","internal/triegen","internal/ucd","language","secure/bidirule","transform","unicode/bidi","unicode/cldr","unicode/norm","unicode/rangetable"]
  revision = "88f656faf3f37f690df1a32515b479415e1a6769"

[solve-meta]
  analyzer-name = "dep"
  analyzer-version = 1
  inputs-digest = "f0a09aa345526bf92c644524384cb3445111824ce29f86014bd63e5b5b3de4f1"
  solver-name = "gps-cdcl"
  solver-version = 1
